# This is a Gradle generated file for dependency locking.
# Manual edits can break the build and are not advised.
# This file is expected to be part of source control.
antlr:antlr:2.7.7
ch.qos.logback:logback-classic:1.2.3
ch.qos.logback:logback-core:1.2.3
com.fasterxml.jackson.core:jackson-annotations:2.11.4
com.fasterxml.jackson.core:jackson-core:2.11.4
com.fasterxml.jackson.core:jackson-databind:2.11.4
com.fasterxml.jackson.datatype:jackson-datatype-jdk8:2.11.4
com.fasterxml.jackson.datatype:jackson-datatype-jsr310:2.11.4
com.fasterxml.jackson.module:jackson-module-kotlin:2.11.4
com.fasterxml.jackson.module:jackson-module-parameter-names:2.11.4
com.fasterxml:classmate:1.5.1
com.h2database:h2:1.4.200
com.sun.activation:jakarta.activation:1.2.2
com.sun.istack:istack-commons-runtime:3.0.11
com.sun.xml.bind:jaxb-core:2.3.0.1
com.sun.xml.bind:jaxb-impl:2.3.0.1
com.zaxxer:HikariCP:3.4.5
commons-codec:commons-codec:1.15
io.github.classgraph:classgraph:4.8.83
io.springfox:springfox-core:3.0.0
io.springfox:springfox-schema:3.0.0
io.springfox:springfox-spi:3.0.0
io.springfox:springfox-spring-web:3.0.0
io.springfox:springfox-spring-webflux:3.0.0
io.springfox:springfox-spring-webmvc:3.0.0
io.springfox:springfox-swagger-common:3.0.0
io.springfox:springfox-swagger2:3.0.0
io.swagger.core.v3:swagger-annotations:2.1.2
io.swagger:swagger-annotations:1.5.20
io.swagger:swagger-models:1.5.20
jakarta.annotation:jakarta.annotation-api:1.3.5
jakarta.persistence:jakarta.persistence-api:2.2.3
jakarta.transaction:jakarta.transaction-api:1.3.3
jakarta.validation:jakarta.validation-api:2.0.2
jakarta.xml.bind:jakarta.xml.bind-api:2.3.3
javax.activation:javax.activation-api:1.2.0
javax.xml.bind:jaxb-api:2.3.1
net.bytebuddy:byte-buddy:1.10.22
net.logstash.logback:logstash-logback-encoder:7.0.1
org.apache.logging.log4j:log4j-api:2.13.3
org.apache.logging.log4j:log4j-to-slf4j:2.13.3
org.apache.tomcat.embed:tomcat-embed-core:9.0.44
org.apache.tomcat.embed:tomcat-embed-websocket:9.0.44
org.aspectj:aspectjweaver:1.9.6
org.bouncycastle:bcpkix-jdk15on:1.60
org.bouncycastle:bcprov-jdk15on:1.60
org.codehaus.jackson:jackson-core-asl:1.9.13
org.codehaus.jackson:jackson-mapper-asl:1.9.13
org.dom4j:dom4j:2.1.3
org.glassfish.jaxb:jaxb-runtime:2.3.3
org.glassfish.jaxb:txw2:2.3.3
org.glassfish:jakarta.el:3.0.3
org.hibernate.common:hibernate-commons-annotations:5.1.2.Final
org.hibernate.validator:hibernate-validator:6.1.7.Final
org.hibernate:hibernate-core:5.4.29.Final
org.javassist:javassist:3.27.0-GA
org.jboss.logging:jboss-logging:3.4.1.Final
org.jboss:jandex:2.2.3.Final
org.jetbrains.kotlin:kotlin-reflect:1.4.32
org.jetbrains.kotlin:kotlin-stdlib-common:1.4.32
org.jetbrains.kotlin:kotlin-stdlib-jdk7:1.4.32
org.jetbrains.kotlin:kotlin-stdlib-jdk8:1.4.32
org.jetbrains.kotlin:kotlin-stdlib:1.4.32
org.jetbrains:annotations:13.0
org.mapstruct:mapstruct:1.3.1.Final
org.slf4j:jul-to-slf4j:1.7.30
org.slf4j:slf4j-api:1.7.30
org.springframework.boot:spring-boot-autoconfigure:2.4.4
org.springframework.boot:spring-boot-devtools:2.4.4
org.springframework.boot:spring-boot-starter-aop:2.4.4
org.springframework.boot:spring-boot-starter-data-jpa:2.4.4
org.springframework.boot:spring-boot-starter-jdbc:2.4.4
org.springframework.boot:spring-boot-starter-json:2.4.4
org.springframework.boot:spring-boot-starter-logging:2.4.4
org.springframework.boot:spring-boot-starter-security:2.4.4
org.springframework.boot:spring-boot-starter-tomcat:2.4.4
org.springframework.boot:spring-boot-starter-validation:2.4.4
org.springframework.boot:spring-boot-starter-web:2.4.4
org.springframework.boot:spring-boot-starter:2.4.4
org.springframework.boot:spring-boot:2.4.4
org.springframework.data:spring-data-commons:2.4.6
org.springframework.data:spring-data-jpa:2.4.6
org.springframework.plugin:spring-plugin-core:2.0.0.RELEASE
org.springframework.plugin:spring-plugin-metadata:2.0.0.RELEASE
org.springframework.security.oauth.boot:spring-security-oauth2-autoconfigure:2.1.4.RELEASE
org.springframework.security.oauth:spring-security-oauth2:2.3.5.RELEASE
org.springframework.security:spring-security-config:5.4.5
org.springframework.security:spring-security-core:5.4.5
org.springframework.security:spring-security-jwt:1.0.10.RELEASE
org.springframework.security:spring-security-web:5.4.5
org.springframework:spring-aop:5.3.5
org.springframework:spring-aspects:5.3.5
org.springframework:spring-beans:5.3.5
org.springframework:spring-context:5.3.5
org.springframework:spring-core:5.3.5
org.springframework:spring-expression:5.3.5
org.springframework:spring-jcl:5.3.5
org.springframework:spring-jdbc:5.3.5
org.springframework:spring-orm:5.3.5
org.springframework:spring-tx:5.3.5
org.springframework:spring-web:5.3.5
org.springframework:spring-webmvc:5.3.5
org.yaml:snakeyaml:1.27
