# This is a Gradle generated file for dependency locking.
# Manual edits can break the build and are not advised.
# This file is expected to be part of source control.
org.jetbrains.intellij.deps:trove4j:1.0.20181211
org.jetbrains.kotlin:kotlin-allopen:1.4.32
org.jetbrains.kotlin:kotlin-annotation-processing-gradle:1.4.32
org.jetbrains.kotlin:kotlin-compiler-embeddable:1.4.32
org.jetbrains.kotlin:kotlin-daemon-embeddable:1.4.32
org.jetbrains.kotlin:kotlin-gradle-plugin-api:1.4.32
org.jetbrains.kotlin:kotlin-gradle-plugin-model:1.4.32
org.jetbrains.kotlin:kotlin-noarg:1.4.32
org.jetbrains.kotlin:kotlin-reflect:1.4.32
org.jetbrains.kotlin:kotlin-script-runtime:1.4.32
org.jetbrains.kotlin:kotlin-scripting-common:1.4.32
org.jetbrains.kotlin:kotlin-scripting-compiler-embeddable:1.4.32
org.jetbrains.kotlin:kotlin-scripting-compiler-impl-embeddable:1.4.32
org.jetbrains.kotlin:kotlin-scripting-jvm:1.4.32
org.jetbrains.kotlin:kotlin-stdlib-common:1.4.32
org.jetbrains.kotlin:kotlin-stdlib:1.4.32
org.jetbrains.kotlinx:kotlinx-coroutines-core-jvm:1.4.3
org.jetbrains.kotlinx:kotlinx-coroutines-core:1.4.3
org.jetbrains:annotations:13.0
